
Microsoft Visual Studio Solution File, Format Version 12.00
# Visual Studio Version 16
VisualStudioVersion = 16.0.30406.217
MinimumVisualStudioVersion = 10.0.40219.1
Project("{FAE04EC0-301F-11D3-BF4B-00C04F79EFBC}") = "GenomicQueryRange", "GenomicQueryRange\GenomicQueryRange.csproj", "{F44A0469-5527-48C2-9550-7BAE5B6A5FF0}"
EndProject
Global
	GlobalSection(SolutionConfigurationPlatforms) = preSolution
		Debug|Any CPU = Debug|Any CPU
		Release|Any CPU = Release|Any CPU
	EndGlobalSection
	GlobalSection(ProjectConfigurationPlatforms) = postSolution
		{F44A0469-5527-48C2-9550-7BAE5B6A5FF0}.Debug|Any CPU.ActiveCfg = Debug|Any CPU
		{F44A0469-5527-48C2-9550-7BAE5B6A5FF0}.Debug|Any CPU.Build.0 = Debug|Any CPU
		{F44A0469-5527-48C2-9550-7BAE5B6A5FF0}.Release|Any CPU.ActiveCfg = Release|Any CPU
		{F44A0469-5527-48C2-9550-7BAE5B6A5FF0}.Release|Any CPU.Build.0 = Release|Any CPU
	EndGlobalSection
	GlobalSection(SolutionProperties) = preSolution
		HideSolutionNode = FALSE
	EndGlobalSection
	GlobalSection(ExtensibilityGlobals) = postSolution
		SolutionGuid = {0BA09C88-B75A-4303-AD82-891991218549}
	EndGlobalSection
EndGlobal
